
Microsoft Visual Studio Solution File, Format Version 12.00
# Visual Studio Version 17
VisualStudioVersion = 17.10.35122.118
MinimumVisualStudioVersion = 10.0.40219.1
Project("{FAE04EC0-301F-11D3-BF4B-00C04F79EFBC}") = "Library_System", "Library_System.csproj", "{D8C88E25-BDC6-4ABA-858D-E1C7EE1F2A4E}"
EndProject
Global
	GlobalSection(SolutionConfigurationPlatforms) = preSolution
		Debug|Any CPU = Debug|Any CPU
		Release|Any CPU = Release|Any CPU
	EndGlobalSection
	GlobalSection(ProjectConfigurationPlatforms) = postSolution
		{D8C88E25-BDC6-4ABA-858D-E1C7EE1F2A4E}.Debug|Any CPU.ActiveCfg = Debug|Any CPU
		{D8C88E25-BDC6-4ABA-858D-E1C7EE1F2A4E}.Debug|Any CPU.Build.0 = Debug|Any CPU
		{D8C88E25-BDC6-4ABA-858D-E1C7EE1F2A4E}.Release|Any CPU.ActiveCfg = Release|Any CPU
		{D8C88E25-BDC6-4ABA-858D-E1C7EE1F2A4E}.Release|Any CPU.Build.0 = Release|Any CPU
	EndGlobalSection
	GlobalSection(SolutionProperties) = preSolution
		HideSolutionNode = FALSE
	EndGlobalSection
	GlobalSection(ExtensibilityGlobals) = postSolution
		SolutionGuid = {324D0103-C384-4144-9B17-B0DFC6DA0A7C}
	EndGlobalSection
EndGlobal
